{
  "originHash" : "d5b89bda24f71ab4da43f65d21b86de970887365ea68ff521f0c2a36897b9601",
  "pins" : [
    {
      "identity" : "swiftuix",
      "kind" : "remoteSourceControl",
      "location" : "https://github.com/Pimine/SwiftUIX.git",
      "state" : {
        "branch" : "master",
        "revision" : "07bdc1cc7aff28799a0488a7b820ee7ce17f693c"
      }
    }
  ],
  "version" : 3
}
